github.com/bitly/go-simplejson v0.5.0 h1:6IH+V8/tVMab511d5bn4M7EwGXZf9Hj6i2xSwkNEM+Y=
github.com/bitly/go-simplejson v0.5.0/go.mod h1:cXHtHw4XUPsvGaxgjIAn8PhEWG9NfngEKAMDJEczWVA=
github.com/coreos/etcd v3.3.15+incompatible h1:+9RjdC18gMxNQVvSiXvObLu29mOFmkgdsB4cRTlV+EE=
github.com/coreos/etcd v3.3.15+incompatible/go.mod h1:uF7uidLiAD3TWHmW31ZFd/JWoc32PjwdhPthX9715RE=
github.com/nilorg/sdk v0.0.0-20190818083213-d52976243caf h1:RueXnD1RRiIx8BHlCjy48n1lEA9ArWxL6vO3etNUxwY=
github.com/nilorg/sdk v0.0.0-20190818083213-d52976243caf/go.mod h1:X1swpPdqguAZaBDoEPyEWHSsJii0YQ1o+3piMv6W3JU=
